// !$*UTF8*$!
{
	archiveVersion = 1;
	classes = {
	};
	objectVersion = 52;
	objects = {

/* Begin PBXBuildFile section */
		742E3AE0276AAD3A004CE5EF /* Config-DEV.xcconfig in Resources */ = {isa = PBXBuildFile; fileRef = 742E3ADF276AAD3A004CE5EF /* Config-DEV.xcconfig */; };
		742E3AE2276AAD66004CE5EF /* Config-STG.xcconfig in Resources */ = {isa = PBXBuildFile; fileRef = 742E3AE1276AAD66004CE5EF /* Config-STG.xcconfig */; };
		742E3AE4276AAD75004CE5EF /* Config-PROD.xcconfig in Resources */ = {isa = PBXBuildFile; fileRef = 742E3AE3276AAD75004CE5EF /* Config-PROD.xcconfig */; };
		742E3AEF276AB425004CE5EF /* AppEnvironment.swift in Sources */ = {isa = PBXBuildFile; fileRef = 742E3AEE276AB425004CE5EF /* AppEnvironment.swift */; };
		7443D07F27493D7A00B6F2B0 /* AuthService.swift in Sources */ = {isa = PBXBuildFile; fileRef = 7443D07E27493D7A00B6F2B0 /* AuthService.swift */; };
		7443D08127495DCE00B6F2B0 /* AppSettings.swift in Sources */ = {isa = PBXBuildFile; fileRef = 7443D08027495DCE00B6F2B0 /* AppSettings.swift */; };
		7443D085274964A200B6F2B0 /* HomeModuleBuilder.swift in Sources */ = {isa = PBXBuildFile; fileRef = 7443D082274964A200B6F2B0 /* HomeModuleBuilder.swift */; };
		7443D086274964A200B6F2B0 /* HomeViewController.swift in Sources */ = {isa = PBXBuildFile; fileRef = 7443D083274964A200B6F2B0 /* HomeViewController.swift */; };
		7443D087274964A200B6F2B0 /* HomeViewModel.swift in Sources */ = {isa = PBXBuildFile; fileRef = 7443D084274964A200B6F2B0 /* HomeViewModel.swift */; };
		74784D2C2741790900C6CC92 /* CombineCocoa in Frameworks */ = {isa = PBXBuildFile; productRef = 74784D2B2741790900C6CC92 /* CombineCocoa */; };
		74784D2F27417E5D00C6CC92 /* KeyboardLayoutGuide in Frameworks */ = {isa = PBXBuildFile; productRef = 74784D2E27417E5D00C6CC92 /* KeyboardLayoutGuide */; };
		74784D312741805900C6CC92 /* ViewRepresentable.swift in Sources */ = {isa = PBXBuildFile; fileRef = 74784D302741805900C6CC92 /* ViewRepresentable.swift */; };
		74784D35274182B200C6CC92 /* AuthSelectModuleBuilder.swift in Sources */ = {isa = PBXBuildFile; fileRef = 74784D32274182B200C6CC92 /* AuthSelectModuleBuilder.swift */; };
		74784D36274182B200C6CC92 /* AuthSelectViewController.swift in Sources */ = {isa = PBXBuildFile; fileRef = 74784D33274182B200C6CC92 /* AuthSelectViewController.swift */; };
		74784D37274182B200C6CC92 /* AuthSelectViewModel.swift in Sources */ = {isa = PBXBuildFile; fileRef = 74784D34274182B200C6CC92 /* AuthSelectViewModel.swift */; };
		74A6FACE275384E700DC44DF /* AppCoordinator.swift in Sources */ = {isa = PBXBuildFile; fileRef = 74A6FACD275384E700DC44DF /* AppCoordinator.swift */; };
		74A6FAD02753852C00DC44DF /* AuthCoordinator.swift in Sources */ = {isa = PBXBuildFile; fileRef = 74A6FACF2753852C00DC44DF /* AuthCoordinator.swift */; };
		74A6FAD2275385B300DC44DF /* MainTabBarCoordinator.swift in Sources */ = {isa = PBXBuildFile; fileRef = 74A6FAD1275385B300DC44DF /* MainTabBarCoordinator.swift */; };
		74A6FAE42753CC7600DC44DF /* UIStackView+Ext.swift in Sources */ = {isa = PBXBuildFile; fileRef = 74A6FAE32753CC7600DC44DF /* UIStackView+Ext.swift */; };
		74A6FAEA2753CD4900DC44DF /* AppConfiguration.swift in Sources */ = {isa = PBXBuildFile; fileRef = 74A6FAE92753CD4900DC44DF /* AppConfiguration.swift */; };
		74A6FAEE2753CDF900DC44DF /* AppContainer.swift in Sources */ = {isa = PBXBuildFile; fileRef = 74A6FAED2753CDF900DC44DF /* AppContainer.swift */; };
		74A6FAF02753CE0200DC44DF /* UserService.swift in Sources */ = {isa = PBXBuildFile; fileRef = 74A6FAEF2753CE0200DC44DF /* UserService.swift */; };
		74A6FAF72753D76900DC44DF /* KeychainAccess in Frameworks */ = {isa = PBXBuildFile; productRef = 74A6FAF62753D76900DC44DF /* KeychainAccess */; };
		74A6FAFE2753FA3400DC44DF /* MainTabBarModuleBuilder.swift in Sources */ = {isa = PBXBuildFile; fileRef = 74A6FAFB2753FA3400DC44DF /* MainTabBarModuleBuilder.swift */; };
		74A6FAFF2753FA3400DC44DF /* MainTabBarViewController.swift in Sources */ = {isa = PBXBuildFile; fileRef = 74A6FAFC2753FA3400DC44DF /* MainTabBarViewController.swift */; };
		74A6FB002753FA3400DC44DF /* MainTabBarViewModel.swift in Sources */ = {isa = PBXBuildFile; fileRef = 74A6FAFD2753FA3400DC44DF /* MainTabBarViewModel.swift */; };
		74A6FB052753FB9700DC44DF /* SettingsModuleBuilder.swift in Sources */ = {isa = PBXBuildFile; fileRef = 74A6FB022753FB9700DC44DF /* SettingsModuleBuilder.swift */; };
		74A6FB062753FB9700DC44DF /* SettingsViewController.swift in Sources */ = {isa = PBXBuildFile; fileRef = 74A6FB032753FB9700DC44DF /* SettingsViewController.swift */; };
		74A6FB072753FB9700DC44DF /* SettingsViewModel.swift in Sources */ = {isa = PBXBuildFile; fileRef = 74A6FB042753FB9700DC44DF /* SettingsViewModel.swift */; };
		74A6FB092753FBEF00DC44DF /* HomeCoordinator.swift in Sources */ = {isa = PBXBuildFile; fileRef = 74A6FB082753FBEF00DC44DF /* HomeCoordinator.swift */; };
		74A6FB0B2753FC6A00DC44DF /* SettingsCoordinator.swift in Sources */ = {isa = PBXBuildFile; fileRef = 74A6FB0A2753FC6A00DC44DF /* SettingsCoordinator.swift */; };
		74B926C227665FA2005395A0 /* AuthSelectView.swift in Sources */ = {isa = PBXBuildFile; fileRef = 74B926C127665FA2005395A0 /* AuthSelectView.swift */; };
		74B926C427666028005395A0 /* UIView+Constraints.swift in Sources */ = {isa = PBXBuildFile; fileRef = 74B926C327666028005395A0 /* UIView+Constraints.swift */; };
		74B926C827666795005395A0 /* Colors.xcassets in Resources */ = {isa = PBXBuildFile; fileRef = 74B926C727666795005395A0 /* Colors.xcassets */; };
		74B926CB27666A2C005395A0 /* UIView+Ext.swift in Sources */ = {isa = PBXBuildFile; fileRef = 74B926CA27666A2C005395A0 /* UIView+Ext.swift */; };
		74B926DF27667B33005395A0 /* Montserrat-ThinItalic.ttf in Resources */ = {isa = PBXBuildFile; fileRef = 74B926CD27667B31005395A0 /* Montserrat-ThinItalic.ttf */; };
		74B926E027667B33005395A0 /* Montserrat-Regular.ttf in Resources */ = {isa = PBXBuildFile; fileRef = 74B926CE27667B31005395A0 /* Montserrat-Regular.ttf */; };
		74B926E127667B33005395A0 /* Montserrat-ExtraBold.ttf in Resources */ = {isa = PBXBuildFile; fileRef = 74B926CF27667B31005395A0 /* Montserrat-ExtraBold.ttf */; };
		74B926E227667B33005395A0 /* Montserrat-ExtraBoldItalic.ttf in Resources */ = {isa = PBXBuildFile; fileRef = 74B926D027667B31005395A0 /* Montserrat-ExtraBoldItalic.ttf */; };
		74B926E327667B33005395A0 /* Montserrat-Light.ttf in Resources */ = {isa = PBXBuildFile; fileRef = 74B926D127667B32005395A0 /* Montserrat-Light.ttf */; };
		74B926E427667B33005395A0 /* Montserrat-SemiBold.ttf in Resources */ = {isa = PBXBuildFile; fileRef = 74B926D227667B32005395A0 /* Montserrat-SemiBold.ttf */; };
		74B926E527667B33005395A0 /* Montserrat-ExtraLight.ttf in Resources */ = {isa = PBXBuildFile; fileRef = 74B926D327667B32005395A0 /* Montserrat-ExtraLight.ttf */; };
		74B926E627667B33005395A0 /* Montserrat-Black.ttf in Resources */ = {isa = PBXBuildFile; fileRef = 74B926D427667B32005395A0 /* Montserrat-Black.ttf */; };
		74B926E727667B33005395A0 /* Montserrat-SemiBoldItalic.ttf in Resources */ = {isa = PBXBuildFile; fileRef = 74B926D527667B32005395A0 /* Montserrat-SemiBoldItalic.ttf */; };
		74B926E827667B33005395A0 /* Montserrat-LightItalic.ttf in Resources */ = {isa = PBXBuildFile; fileRef = 74B926D627667B32005395A0 /* Montserrat-LightItalic.ttf */; };
		74B926E927667B33005395A0 /* Montserrat-BlackItalic.ttf in Resources */ = {isa = PBXBuildFile; fileRef = 74B926D727667B32005395A0 /* Montserrat-BlackItalic.ttf */; };
		74B926EA27667B33005395A0 /* Montserrat-Thin.ttf in Resources */ = {isa = PBXBuildFile; fileRef = 74B926D827667B32005395A0 /* Montserrat-Thin.ttf */; };
		74B926EB27667B33005395A0 /* Montserrat-Bold.ttf in Resources */ = {isa = PBXBuildFile; fileRef = 74B926D927667B33005395A0 /* Montserrat-Bold.ttf */; };
		74B926EC27667B33005395A0 /* Montserrat-Medium.ttf in Resources */ = {isa = PBXBuildFile; fileRef = 74B926DA27667B33005395A0 /* Montserrat-Medium.ttf */; };
		74B926ED27667B33005395A0 /* Montserrat-MediumItalic.ttf in Resources */ = {isa = PBXBuildFile; fileRef = 74B926DB27667B33005395A0 /* Montserrat-MediumItalic.ttf */; };
		74B926EE27667B33005395A0 /* Montserrat-ExtraLightItalic.ttf in Resources */ = {isa = PBXBuildFile; fileRef = 74B926DC27667B33005395A0 /* Montserrat-ExtraLightItalic.ttf */; };
		74B926EF27667B33005395A0 /* Montserrat-Italic.ttf in Resources */ = {isa = PBXBuildFile; fileRef = 74B926DD27667B33005395A0 /* Montserrat-Italic.ttf */; };
		74B926F027667B33005395A0 /* Montserrat-BoldItalic.ttf in Resources */ = {isa = PBXBuildFile; fileRef = 74B926DE27667B33005395A0 /* Montserrat-BoldItalic.ttf */; };
		74B926F227668016005395A0 /* Localizable.strings in Resources */ = {isa = PBXBuildFile; fileRef = 74B926F427668016005395A0 /* Localizable.strings */; };
		74B926F92766808A005395A0 /* Assets.swift in Sources */ = {isa = PBXBuildFile; fileRef = 74B926F52766808A005395A0 /* Assets.swift */; };
		74B926FA2766808A005395A0 /* Colors.swift in Sources */ = {isa = PBXBuildFile; fileRef = 74B926F62766808A005395A0 /* Colors.swift */; };
		74B926FB2766808A005395A0 /* Localization.swift in Sources */ = {isa = PBXBuildFile; fileRef = 74B926F72766808A005395A0 /* Localization.swift */; };
		74B926FC2766808A005395A0 /* Fonts.swift in Sources */ = {isa = PBXBuildFile; fileRef = 74B926F82766808A005395A0 /* Fonts.swift */; };
		74B926FE27668594005395A0 /* BaseView.swift in Sources */ = {isa = PBXBuildFile; fileRef = 74B926FD27668594005395A0 /* BaseView.swift */; };
		74B9270327668633005395A0 /* SignUpModuleBuilder.swift in Sources */ = {isa = PBXBuildFile; fileRef = 74B926FF27668633005395A0 /* SignUpModuleBuilder.swift */; };
		74B9270427668633005395A0 /* SignUpViewController.swift in Sources */ = {isa = PBXBuildFile; fileRef = 74B9270027668633005395A0 /* SignUpViewController.swift */; };
		74B9270527668633005395A0 /* SignUpView.swift in Sources */ = {isa = PBXBuildFile; fileRef = 74B9270127668633005395A0 /* SignUpView.swift */; };
		74B9270627668633005395A0 /* SignUpViewModel.swift in Sources */ = {isa = PBXBuildFile; fileRef = 74B9270227668633005395A0 /* SignUpViewModel.swift */; };
		74B927082766878B005395A0 /* AxisScrollView.swift in Sources */ = {isa = PBXBuildFile; fileRef = 74B927072766878B005395A0 /* AxisScrollView.swift */; };
		74B9270A2766898A005395A0 /* UIEdgeInsets+Ext.swift in Sources */ = {isa = PBXBuildFile; fileRef = 74B927092766898A005395A0 /* UIEdgeInsets+Ext.swift */; };
		74B92710276692D4005395A0 /* SignInModuleBuilder.swift in Sources */ = {isa = PBXBuildFile; fileRef = 74B9270C276692D4005395A0 /* SignInModuleBuilder.swift */; };
		74B92711276692D5005395A0 /* SignInViewController.swift in Sources */ = {isa = PBXBuildFile; fileRef = 74B9270D276692D4005395A0 /* SignInViewController.swift */; };
		74B92712276692D5005395A0 /* SignInView.swift in Sources */ = {isa = PBXBuildFile; fileRef = 74B9270E276692D4005395A0 /* SignInView.swift */; };
		74B92713276692D5005395A0 /* SignInViewModel.swift in Sources */ = {isa = PBXBuildFile; fileRef = 74B9270F276692D4005395A0 /* SignInViewModel.swift */; };
		74B9271527669789005395A0 /* LoadingView.swift in Sources */ = {isa = PBXBuildFile; fileRef = 74B9271427669789005395A0 /* LoadingView.swift */; };
		74B9271A27689500005395A0 /* Module.swift in Sources */ = {isa = PBXBuildFile; fileRef = 74B9271927689500005395A0 /* Module.swift */; };
		74B9271C27689937005395A0 /* HomeView.swift in Sources */ = {isa = PBXBuildFile; fileRef = 74B9271B27689937005395A0 /* HomeView.swift */; };
		74B9271E27689A62005395A0 /* SettingsView.swift in Sources */ = {isa = PBXBuildFile; fileRef = 74B9271D27689A62005395A0 /* SettingsView.swift */; };
		74E0B67E2725ED760090A21B /* AppDelegate.swift in Sources */ = {isa = PBXBuildFile; fileRef = 74E0B67D2725ED760090A21B /* AppDelegate.swift */; };
		74E0B6802725ED760090A21B /* SceneDelegate.swift in Sources */ = {isa = PBXBuildFile; fileRef = 74E0B67F2725ED760090A21B /* SceneDelegate.swift */; };
		74E0B6872725ED790090A21B /* Assets.xcassets in Resources */ = {isa = PBXBuildFile; fileRef = 74E0B6862725ED790090A21B /* Assets.xcassets */; };
		74E0B68A2725ED790090A21B /* LaunchScreen.storyboard in Resources */ = {isa = PBXBuildFile; fileRef = 74E0B6882725ED790090A21B /* LaunchScreen.storyboard */; };
		74E0B69A2725F31F0090A21B /* BaseViewController.swift in Sources */ = {isa = PBXBuildFile; fileRef = 74E0B6992725F31F0090A21B /* BaseViewController.swift */; };
		74E0B69D2725F3450090A21B /* BaseViewModel.swift in Sources */ = {isa = PBXBuildFile; fileRef = 74E0B69C2725F3450090A21B /* BaseViewModel.swift */; };
		74E0B6AB2725FA740090A21B /* Coordinator.swift in Sources */ = {isa = PBXBuildFile; fileRef = 74E0B6AA2725FA740090A21B /* Coordinator.swift */; };
		CE387DDC2768FCC300D35186 /* AuthPlugin.swift in Sources */ = {isa = PBXBuildFile; fileRef = CE387DDB2768FCC300D35186 /* AuthPlugin.swift */; };
		CE387DE02768FDA700D35186 /* DogService.swift in Sources */ = {isa = PBXBuildFile; fileRef = CE387DDF2768FDA700D35186 /* DogService.swift */; };
		CE387DE22768FDD700D35186 /* DogAPIRequestBuilder.swift in Sources */ = {isa = PBXBuildFile; fileRef = CE387DE12768FDD700D35186 /* DogAPIRequestBuilder.swift */; };
		CE387DE42768FE1B00D35186 /* DogServiceImpl.swift in Sources */ = {isa = PBXBuildFile; fileRef = CE387DE32768FE1B00D35186 /* DogServiceImpl.swift */; };
		CE387DE62768FEC500D35186 /* DogResponseModel.swift in Sources */ = {isa = PBXBuildFile; fileRef = CE387DE52768FEC500D35186 /* DogResponseModel.swift */; };
		CE9B1413276CCC7100ECBA29 /* CombineNetworking in Frameworks */ = {isa = PBXBuildFile; productRef = CE9B1412276CCC7100ECBA29 /* CombineNetworking */; };
/* End PBXBuildFile section */

/* Begin PBXFileReference section */
		742E3ADF276AAD3A004CE5EF /* Config-DEV.xcconfig */ = {isa = PBXFileReference; lastKnownFileType = text.xcconfig; path = "Config-DEV.xcconfig"; sourceTree = "<group>"; };
		742E3AE1276AAD66004CE5EF /* Config-STG.xcconfig */ = {isa = PBXFileReference; lastKnownFileType = text.xcconfig; path = "Config-STG.xcconfig"; sourceTree = "<group>"; };
		742E3AE3276AAD75004CE5EF /* Config-PROD.xcconfig */ = {isa = PBXFileReference; lastKnownFileType = text.xcconfig; path = "Config-PROD.xcconfig"; sourceTree = "<group>"; };
		742E3AEE276AB425004CE5EF /* AppEnvironment.swift */ = {isa = PBXFileReference; lastKnownFileType = sourcecode.swift; path = AppEnvironment.swift; sourceTree = "<group>"; };
		7443D07E27493D7A00B6F2B0 /* AuthService.swift */ = {isa = PBXFileReference; lastKnownFileType = sourcecode.swift; path = AuthService.swift; sourceTree = "<group>"; };
		7443D08027495DCE00B6F2B0 /* AppSettings.swift */ = {isa = PBXFileReference; lastKnownFileType = sourcecode.swift; path = AppSettings.swift; sourceTree = "<group>"; };
		7443D082274964A200B6F2B0 /* HomeModuleBuilder.swift */ = {isa = PBXFileReference; lastKnownFileType = sourcecode.swift; path = HomeModuleBuilder.swift; sourceTree = "<group>"; };
		7443D083274964A200B6F2B0 /* HomeViewController.swift */ = {isa = PBXFileReference; lastKnownFileType = sourcecode.swift; path = HomeViewController.swift; sourceTree = "<group>"; };
		7443D084274964A200B6F2B0 /* HomeViewModel.swift */ = {isa = PBXFileReference; lastKnownFileType = sourcecode.swift; path = HomeViewModel.swift; sourceTree = "<group>"; };
		74784D302741805900C6CC92 /* ViewRepresentable.swift */ = {isa = PBXFileReference; lastKnownFileType = sourcecode.swift; path = ViewRepresentable.swift; sourceTree = "<group>"; };
		74784D32274182B200C6CC92 /* AuthSelectModuleBuilder.swift */ = {isa = PBXFileReference; lastKnownFileType = sourcecode.swift; path = AuthSelectModuleBuilder.swift; sourceTree = "<group>"; };
		74784D33274182B200C6CC92 /* AuthSelectViewController.swift */ = {isa = PBXFileReference; lastKnownFileType = sourcecode.swift; path = AuthSelectViewController.swift; sourceTree = "<group>"; };
		74784D34274182B200C6CC92 /* AuthSelectViewModel.swift */ = {isa = PBXFileReference; lastKnownFileType = sourcecode.swift; path = AuthSelectViewModel.swift; sourceTree = "<group>"; };
		74A6FACD275384E700DC44DF /* AppCoordinator.swift */ = {isa = PBXFileReference; lastKnownFileType = sourcecode.swift; path = AppCoordinator.swift; sourceTree = "<group>"; };
		74A6FACF2753852C00DC44DF /* AuthCoordinator.swift */ = {isa = PBXFileReference; lastKnownFileType = sourcecode.swift; path = AuthCoordinator.swift; sourceTree = "<group>"; };
		74A6FAD1275385B300DC44DF /* MainTabBarCoordinator.swift */ = {isa = PBXFileReference; lastKnownFileType = sourcecode.swift; path = MainTabBarCoordinator.swift; sourceTree = "<group>"; };
		74A6FAE32753CC7600DC44DF /* UIStackView+Ext.swift */ = {isa = PBXFileReference; lastKnownFileType = sourcecode.swift; path = "UIStackView+Ext.swift"; sourceTree = "<group>"; };
		74A6FAE92753CD4900DC44DF /* AppConfiguration.swift */ = {isa = PBXFileReference; lastKnownFileType = sourcecode.swift; path = AppConfiguration.swift; sourceTree = "<group>"; };
		74A6FAED2753CDF900DC44DF /* AppContainer.swift */ = {isa = PBXFileReference; lastKnownFileType = sourcecode.swift; path = AppContainer.swift; sourceTree = "<group>"; };
		74A6FAEF2753CE0200DC44DF /* UserService.swift */ = {isa = PBXFileReference; lastKnownFileType = sourcecode.swift; path = UserService.swift; sourceTree = "<group>"; };
		74A6FAFB2753FA3400DC44DF /* MainTabBarModuleBuilder.swift */ = {isa = PBXFileReference; lastKnownFileType = sourcecode.swift; path = MainTabBarModuleBuilder.swift; sourceTree = "<group>"; };
		74A6FAFC2753FA3400DC44DF /* MainTabBarViewController.swift */ = {isa = PBXFileReference; lastKnownFileType = sourcecode.swift; path = MainTabBarViewController.swift; sourceTree = "<group>"; };
		74A6FAFD2753FA3400DC44DF /* MainTabBarViewModel.swift */ = {isa = PBXFileReference; lastKnownFileType = sourcecode.swift; path = MainTabBarViewModel.swift; sourceTree = "<group>"; };
		74A6FB022753FB9700DC44DF /* SettingsModuleBuilder.swift */ = {isa = PBXFileReference; lastKnownFileType = sourcecode.swift; path = SettingsModuleBuilder.swift; sourceTree = "<group>"; };
		74A6FB032753FB9700DC44DF /* SettingsViewController.swift */ = {isa = PBXFileReference; lastKnownFileType = sourcecode.swift; path = SettingsViewController.swift; sourceTree = "<group>"; };
		74A6FB042753FB9700DC44DF /* SettingsViewModel.swift */ = {isa = PBXFileReference; lastKnownFileType = sourcecode.swift; path = SettingsViewModel.swift; sourceTree = "<group>"; };
		74A6FB082753FBEF00DC44DF /* HomeCoordinator.swift */ = {isa = PBXFileReference; lastKnownFileType = sourcecode.swift; path = HomeCoordinator.swift; sourceTree = "<group>"; };
		74A6FB0A2753FC6A00DC44DF /* SettingsCoordinator.swift */ = {isa = PBXFileReference; lastKnownFileType = sourcecode.swift; path = SettingsCoordinator.swift; sourceTree = "<group>"; };
		74B926C127665FA2005395A0 /* AuthSelectView.swift */ = {isa = PBXFileReference; lastKnownFileType = sourcecode.swift; path = AuthSelectView.swift; sourceTree = "<group>"; };
		74B926C327666028005395A0 /* UIView+Constraints.swift */ = {isa = PBXFileReference; lastKnownFileType = sourcecode.swift; path = "UIView+Constraints.swift"; sourceTree = "<group>"; };
		74B926C727666795005395A0 /* Colors.xcassets */ = {isa = PBXFileReference; lastKnownFileType = folder.assetcatalog; path = Colors.xcassets; sourceTree = "<group>"; };
		74B926CA27666A2C005395A0 /* UIView+Ext.swift */ = {isa = PBXFileReference; lastKnownFileType = sourcecode.swift; path = "UIView+Ext.swift"; sourceTree = "<group>"; };
		74B926CD27667B31005395A0 /* Montserrat-ThinItalic.ttf */ = {isa = PBXFileReference; lastKnownFileType = file; path = "Montserrat-ThinItalic.ttf"; sourceTree = "<group>"; };
		74B926CE27667B31005395A0 /* Montserrat-Regular.ttf */ = {isa = PBXFileReference; lastKnownFileType = file; path = "Montserrat-Regular.ttf"; sourceTree = "<group>"; };
		74B926CF27667B31005395A0 /* Montserrat-ExtraBold.ttf */ = {isa = PBXFileReference; lastKnownFileType = file; path = "Montserrat-ExtraBold.ttf"; sourceTree = "<group>"; };
		74B926D027667B31005395A0 /* Montserrat-ExtraBoldItalic.ttf */ = {isa = PBXFileReference; lastKnownFileType = file; path = "Montserrat-ExtraBoldItalic.ttf"; sourceTree = "<group>"; };
		74B926D127667B32005395A0 /* Montserrat-Light.ttf */ = {isa = PBXFileReference; lastKnownFileType = file; path = "Montserrat-Light.ttf"; sourceTree = "<group>"; };
		74B926D227667B32005395A0 /* Montserrat-SemiBold.ttf */ = {isa = PBXFileReference; lastKnownFileType = file; path = "Montserrat-SemiBold.ttf"; sourceTree = "<group>"; };
		74B926D327667B32005395A0 /* Montserrat-ExtraLight.ttf */ = {isa = PBXFileReference; lastKnownFileType = file; path = "Montserrat-ExtraLight.ttf"; sourceTree = "<group>"; };
		74B926D427667B32005395A0 /* Montserrat-Black.ttf */ = {isa = PBXFileReference; lastKnownFileType = file; path = "Montserrat-Black.ttf"; sourceTree = "<group>"; };
		74B926D527667B32005395A0 /* Montserrat-SemiBoldItalic.ttf */ = {isa = PBXFileReference; lastKnownFileType = file; path = "Montserrat-SemiBoldItalic.ttf"; sourceTree = "<group>"; };
		74B926D627667B32005395A0 /* Montserrat-LightItalic.ttf */ = {isa = PBXFileReference; lastKnownFileType = file; path = "Montserrat-LightItalic.ttf"; sourceTree = "<group>"; };
		74B926D727667B32005395A0 /* Montserrat-BlackItalic.ttf */ = {isa = PBXFileReference; lastKnownFileType = file; path = "Montserrat-BlackItalic.ttf"; sourceTree = "<group>"; };
		74B926D827667B32005395A0 /* Montserrat-Thin.ttf */ = {isa = PBXFileReference; lastKnownFileType = file; path = "Montserrat-Thin.ttf"; sourceTree = "<group>"; };
		74B926D927667B33005395A0 /* Montserrat-Bold.ttf */ = {isa = PBXFileReference; lastKnownFileType = file; path = "Montserrat-Bold.ttf"; sourceTree = "<group>"; };
		74B926DA27667B33005395A0 /* Montserrat-Medium.ttf */ = {isa = PBXFileReference; lastKnownFileType = file; path = "Montserrat-Medium.ttf"; sourceTree = "<group>"; };
		74B926DB27667B33005395A0 /* Montserrat-MediumItalic.ttf */ = {isa = PBXFileReference; lastKnownFileType = file; path = "Montserrat-MediumItalic.ttf"; sourceTree = "<group>"; };
		74B926DC27667B33005395A0 /* Montserrat-ExtraLightItalic.ttf */ = {isa = PBXFileReference; lastKnownFileType = file; path = "Montserrat-ExtraLightItalic.ttf"; sourceTree = "<group>"; };
		74B926DD27667B33005395A0 /* Montserrat-Italic.ttf */ = {isa = PBXFileReference; lastKnownFileType = file; path = "Montserrat-Italic.ttf"; sourceTree = "<group>"; };
		74B926DE27667B33005395A0 /* Montserrat-BoldItalic.ttf */ = {isa = PBXFileReference; lastKnownFileType = file; path = "Montserrat-BoldItalic.ttf"; sourceTree = "<group>"; };
		74B926F327668016005395A0 /* en */ = {isa = PBXFileReference; lastKnownFileType = text.plist.strings; name = en; path = en.lproj/Localizable.strings; sourceTree = "<group>"; };
		74B926F52766808A005395A0 /* Assets.swift */ = {isa = PBXFileReference; fileEncoding = 4; lastKnownFileType = sourcecode.swift; path = Assets.swift; sourceTree = "<group>"; };
		74B926F62766808A005395A0 /* Colors.swift */ = {isa = PBXFileReference; fileEncoding = 4; lastKnownFileType = sourcecode.swift; path = Colors.swift; sourceTree = "<group>"; };
		74B926F72766808A005395A0 /* Localization.swift */ = {isa = PBXFileReference; fileEncoding = 4; lastKnownFileType = sourcecode.swift; path = Localization.swift; sourceTree = "<group>"; };
		74B926F82766808A005395A0 /* Fonts.swift */ = {isa = PBXFileReference; fileEncoding = 4; lastKnownFileType = sourcecode.swift; path = Fonts.swift; sourceTree = "<group>"; };
		74B926FD27668594005395A0 /* BaseView.swift */ = {isa = PBXFileReference; lastKnownFileType = sourcecode.swift; path = BaseView.swift; sourceTree = "<group>"; };
		74B926FF27668633005395A0 /* SignUpModuleBuilder.swift */ = {isa = PBXFileReference; lastKnownFileType = sourcecode.swift; path = SignUpModuleBuilder.swift; sourceTree = "<group>"; };
		74B9270027668633005395A0 /* SignUpViewController.swift */ = {isa = PBXFileReference; lastKnownFileType = sourcecode.swift; path = SignUpViewController.swift; sourceTree = "<group>"; };
		74B9270127668633005395A0 /* SignUpView.swift */ = {isa = PBXFileReference; lastKnownFileType = sourcecode.swift; path = SignUpView.swift; sourceTree = "<group>"; };
		74B9270227668633005395A0 /* SignUpViewModel.swift */ = {isa = PBXFileReference; lastKnownFileType = sourcecode.swift; path = SignUpViewModel.swift; sourceTree = "<group>"; };
		74B927072766878B005395A0 /* AxisScrollView.swift */ = {isa = PBXFileReference; lastKnownFileType = sourcecode.swift; path = AxisScrollView.swift; sourceTree = "<group>"; };
		74B927092766898A005395A0 /* UIEdgeInsets+Ext.swift */ = {isa = PBXFileReference; lastKnownFileType = sourcecode.swift; path = "UIEdgeInsets+Ext.swift"; sourceTree = "<group>"; };
		74B9270C276692D4005395A0 /* SignInModuleBuilder.swift */ = {isa = PBXFileReference; lastKnownFileType = sourcecode.swift; path = SignInModuleBuilder.swift; sourceTree = "<group>"; };
		74B9270D276692D4005395A0 /* SignInViewController.swift */ = {isa = PBXFileReference; lastKnownFileType = sourcecode.swift; path = SignInViewController.swift; sourceTree = "<group>"; };
		74B9270E276692D4005395A0 /* SignInView.swift */ = {isa = PBXFileReference; lastKnownFileType = sourcecode.swift; path = SignInView.swift; sourceTree = "<group>"; };
		74B9270F276692D4005395A0 /* SignInViewModel.swift */ = {isa = PBXFileReference; lastKnownFileType = sourcecode.swift; path = SignInViewModel.swift; sourceTree = "<group>"; };
		74B9271427669789005395A0 /* LoadingView.swift */ = {isa = PBXFileReference; lastKnownFileType = sourcecode.swift; path = LoadingView.swift; sourceTree = "<group>"; };
		74B9271927689500005395A0 /* Module.swift */ = {isa = PBXFileReference; lastKnownFileType = sourcecode.swift; path = Module.swift; sourceTree = "<group>"; };
		74B9271B27689937005395A0 /* HomeView.swift */ = {isa = PBXFileReference; lastKnownFileType = sourcecode.swift; path = HomeView.swift; sourceTree = "<group>"; };
		74B9271D27689A62005395A0 /* SettingsView.swift */ = {isa = PBXFileReference; lastKnownFileType = sourcecode.swift; path = SettingsView.swift; sourceTree = "<group>"; };
		74E0B67A2725ED760090A21B /* MVVMSkeleton.app */ = {isa = PBXFileReference; explicitFileType = wrapper.application; includeInIndex = 0; path = MVVMSkeleton.app; sourceTree = BUILT_PRODUCTS_DIR; };
		74E0B67D2725ED760090A21B /* AppDelegate.swift */ = {isa = PBXFileReference; lastKnownFileType = sourcecode.swift; path = AppDelegate.swift; sourceTree = "<group>"; };
		74E0B67F2725ED760090A21B /* SceneDelegate.swift */ = {isa = PBXFileReference; lastKnownFileType = sourcecode.swift; path = SceneDelegate.swift; sourceTree = "<group>"; };
		74E0B6862725ED790090A21B /* Assets.xcassets */ = {isa = PBXFileReference; lastKnownFileType = folder.assetcatalog; path = Assets.xcassets; sourceTree = "<group>"; };
		74E0B6892725ED790090A21B /* Base */ = {isa = PBXFileReference; lastKnownFileType = file.storyboard; name = Base; path = Base.lproj/LaunchScreen.storyboard; sourceTree = "<group>"; };
		74E0B68B2725ED790090A21B /* Info.plist */ = {isa = PBXFileReference; lastKnownFileType = text.plist.xml; path = Info.plist; sourceTree = "<group>"; };
		74E0B6992725F31F0090A21B /* BaseViewController.swift */ = {isa = PBXFileReference; lastKnownFileType = sourcecode.swift; path = BaseViewController.swift; sourceTree = "<group>"; };
		74E0B69C2725F3450090A21B /* BaseViewModel.swift */ = {isa = PBXFileReference; lastKnownFileType = sourcecode.swift; path = BaseViewModel.swift; sourceTree = "<group>"; };
		74E0B6AA2725FA740090A21B /* Coordinator.swift */ = {isa = PBXFileReference; lastKnownFileType = sourcecode.swift; path = Coordinator.swift; sourceTree = "<group>"; };
		CE387DDB2768FCC300D35186 /* AuthPlugin.swift */ = {isa = PBXFileReference; lastKnownFileType = sourcecode.swift; path = AuthPlugin.swift; sourceTree = "<group>"; };
		CE387DDF2768FDA700D35186 /* DogService.swift */ = {isa = PBXFileReference; lastKnownFileType = sourcecode.swift; path = DogService.swift; sourceTree = "<group>"; };
		CE387DE12768FDD700D35186 /* DogAPIRequestBuilder.swift */ = {isa = PBXFileReference; lastKnownFileType = sourcecode.swift; path = DogAPIRequestBuilder.swift; sourceTree = "<group>"; };
		CE387DE32768FE1B00D35186 /* DogServiceImpl.swift */ = {isa = PBXFileReference; lastKnownFileType = sourcecode.swift; path = DogServiceImpl.swift; sourceTree = "<group>"; };
		CE387DE52768FEC500D35186 /* DogResponseModel.swift */ = {isa = PBXFileReference; lastKnownFileType = sourcecode.swift; path = DogResponseModel.swift; sourceTree = "<group>"; };
/* End PBXFileReference section */

/* Begin PBXFrameworksBuildPhase section */
		74E0B6772725ED760090A21B /* Frameworks */ = {
			isa = PBXFrameworksBuildPhase;
			buildActionMask = 2147483647;
			files = (
				74784D2C2741790900C6CC92 /* CombineCocoa in Frameworks */,
				74784D2F27417E5D00C6CC92 /* KeyboardLayoutGuide in Frameworks */,
				CE9B1413276CCC7100ECBA29 /* CombineNetworking in Frameworks */,
				74A6FAF72753D76900DC44DF /* KeychainAccess in Frameworks */,
			);
			runOnlyForDeploymentPostprocessing = 0;
		};
/* End PBXFrameworksBuildPhase section */

/* Begin PBXGroup section */
		742E3ADE276AACF0004CE5EF /* Configs */ = {
			isa = PBXGroup;
			children = (
				742E3ADF276AAD3A004CE5EF /* Config-DEV.xcconfig */,
				742E3AE1276AAD66004CE5EF /* Config-STG.xcconfig */,
				742E3AE3276AAD75004CE5EF /* Config-PROD.xcconfig */,
			);
			path = Configs;
			sourceTree = "<group>";
		};
		742E3AED276AB409004CE5EF /* Configuration */ = {
			isa = PBXGroup;
			children = (
				74A6FAE92753CD4900DC44DF /* AppConfiguration.swift */,
				742E3AEE276AB425004CE5EF /* AppEnvironment.swift */,
				742E3ADE276AACF0004CE5EF /* Configs */,
			);
			path = Configuration;
			sourceTree = "<group>";
		};
		74784D262741712300C6CC92 /* AuthSelect */ = {
			isa = PBXGroup;
			children = (
				74784D32274182B200C6CC92 /* AuthSelectModuleBuilder.swift */,
				74784D33274182B200C6CC92 /* AuthSelectViewController.swift */,
				74784D34274182B200C6CC92 /* AuthSelectViewModel.swift */,
				74B926C127665FA2005395A0 /* AuthSelectView.swift */,
			);
			path = AuthSelect;
			sourceTree = "<group>";
		};
		74784D38274186FF00C6CC92 /* SignUp */ = {
			isa = PBXGroup;
			children = (
				74B926FF27668633005395A0 /* SignUpModuleBuilder.swift */,
				74B9270027668633005395A0 /* SignUpViewController.swift */,
				74B9270127668633005395A0 /* SignUpView.swift */,
				74B9270227668633005395A0 /* SignUpViewModel.swift */,
			);
			path = SignUp;
			sourceTree = "<group>";
		};
		74A6FADC2753CA4600DC44DF /* BusinessLogic */ = {
			isa = PBXGroup;
			children = (
				74A6FAE12753CB3000DC44DF /* Coordinators */,
				74A6FAE02753CA8600DC44DF /* Services */,
				74A6FADF2753CA8300DC44DF /* Models */,
			);
			path = BusinessLogic;
			sourceTree = "<group>";
		};
		74A6FADD2753CA5100DC44DF /* Core */ = {
			isa = PBXGroup;
			children = (
				74E0B6972725F2E10090A21B /* Base */,
				74A6FAE22753CC5A00DC44DF /* Extensions */,
				74E0B6A72725FA1C0090A21B /* Helpers */,
				74B9271627669AFB005395A0 /* Views */,
			);
			path = Core;
			sourceTree = "<group>";
		};
		74A6FADE2753CA5900DC44DF /* Presentation */ = {
			isa = PBXGroup;
			children = (
				74E0B6942725F2A90090A21B /* LaunchScreen */,
				74784D262741712300C6CC92 /* AuthSelect */,
				74E0B6952725F2BA0090A21B /* SignIn */,
				74784D38274186FF00C6CC92 /* SignUp */,
				74A6FAF82753F95100DC44DF /* MainTabBar */,
				74E0B6962725F2D80090A21B /* Home */,
				74A6FB012753FB8100DC44DF /* Settings */,
			);
			path = Presentation;
			sourceTree = "<group>";
		};
		74A6FADF2753CA8300DC44DF /* Models */ = {
			isa = PBXGroup;
			children = (
				CE387DE52768FEC500D35186 /* DogResponseModel.swift */,
			);
			path = Models;
			sourceTree = "<group>";
		};
		74A6FAE02753CA8600DC44DF /* Services */ = {
			isa = PBXGroup;
			children = (
				CE387DDD2768FD6400D35186 /* Networking */,
				7443D07E27493D7A00B6F2B0 /* AuthService.swift */,
				7443D08027495DCE00B6F2B0 /* AppSettings.swift */,
				74A6FAEF2753CE0200DC44DF /* UserService.swift */,
			);
			path = Services;
			sourceTree = "<group>";
		};
		74A6FAE12753CB3000DC44DF /* Coordinators */ = {
			isa = PBXGroup;
			children = (
				74A6FACD275384E700DC44DF /* AppCoordinator.swift */,
				74A6FACF2753852C00DC44DF /* AuthCoordinator.swift */,
				74A6FAD1275385B300DC44DF /* MainTabBarCoordinator.swift */,
				74A6FB082753FBEF00DC44DF /* HomeCoordinator.swift */,
				74A6FB0A2753FC6A00DC44DF /* SettingsCoordinator.swift */,
			);
			path = Coordinators;
			sourceTree = "<group>";
		};
		74A6FAE22753CC5A00DC44DF /* Extensions */ = {
			isa = PBXGroup;
			children = (
				74A6FAE52753CCA500DC44DF /* UIKit */,
				74A6FAE72753CCB500DC44DF /* Combine */,
				74A6FAE62753CCAD00DC44DF /* Foundation */,
			);
			path = Extensions;
			sourceTree = "<group>";
		};
		74A6FAE52753CCA500DC44DF /* UIKit */ = {
			isa = PBXGroup;
			children = (
				74A6FAE32753CC7600DC44DF /* UIStackView+Ext.swift */,
				74B926C327666028005395A0 /* UIView+Constraints.swift */,
				74B926CA27666A2C005395A0 /* UIView+Ext.swift */,
				74B927092766898A005395A0 /* UIEdgeInsets+Ext.swift */,
			);
			path = UIKit;
			sourceTree = "<group>";
		};
		74A6FAE62753CCAD00DC44DF /* Foundation */ = {
			isa = PBXGroup;
			children = (
			);
			path = Foundation;
			sourceTree = "<group>";
		};
		74A6FAE72753CCB500DC44DF /* Combine */ = {
			isa = PBXGroup;
			children = (
			);
			path = Combine;
			sourceTree = "<group>";
		};
		74A6FAF82753F95100DC44DF /* MainTabBar */ = {
			isa = PBXGroup;
			children = (
				74A6FAFB2753FA3400DC44DF /* MainTabBarModuleBuilder.swift */,
				74A6FAFC2753FA3400DC44DF /* MainTabBarViewController.swift */,
				74A6FAFD2753FA3400DC44DF /* MainTabBarViewModel.swift */,
			);
			path = MainTabBar;
			sourceTree = "<group>";
		};
		74A6FB012753FB8100DC44DF /* Settings */ = {
			isa = PBXGroup;
			children = (
				74A6FB022753FB9700DC44DF /* SettingsModuleBuilder.swift */,
				74A6FB032753FB9700DC44DF /* SettingsViewController.swift */,
				74A6FB042753FB9700DC44DF /* SettingsViewModel.swift */,
				74B9271D27689A62005395A0 /* SettingsView.swift */,
			);
			path = Settings;
			sourceTree = "<group>";
		};
		74B926C9276667C5005395A0 /* Generated */ = {
			isa = PBXGroup;
			children = (
				74B926F52766808A005395A0 /* Assets.swift */,
				74B926F62766808A005395A0 /* Colors.swift */,
				74B926F82766808A005395A0 /* Fonts.swift */,
				74B926F72766808A005395A0 /* Localization.swift */,
			);
			path = Generated;
			sourceTree = "<group>";
		};
		74B926CC27667AE8005395A0 /* Fonts */ = {
			isa = PBXGroup;
			children = (
				74B926D427667B32005395A0 /* Montserrat-Black.ttf */,
				74B926D727667B32005395A0 /* Montserrat-BlackItalic.ttf */,
				74B926D927667B33005395A0 /* Montserrat-Bold.ttf */,
				74B926DE27667B33005395A0 /* Montserrat-BoldItalic.ttf */,
				74B926CF27667B31005395A0 /* Montserrat-ExtraBold.ttf */,
				74B926D027667B31005395A0 /* Montserrat-ExtraBoldItalic.ttf */,
				74B926D327667B32005395A0 /* Montserrat-ExtraLight.ttf */,
				74B926DC27667B33005395A0 /* Montserrat-ExtraLightItalic.ttf */,
				74B926DD27667B33005395A0 /* Montserrat-Italic.ttf */,
				74B926D127667B32005395A0 /* Montserrat-Light.ttf */,
				74B926D627667B32005395A0 /* Montserrat-LightItalic.ttf */,
				74B926DA27667B33005395A0 /* Montserrat-Medium.ttf */,
				74B926DB27667B33005395A0 /* Montserrat-MediumItalic.ttf */,
				74B926CE27667B31005395A0 /* Montserrat-Regular.ttf */,
				74B926D227667B32005395A0 /* Montserrat-SemiBold.ttf */,
				74B926D527667B32005395A0 /* Montserrat-SemiBoldItalic.ttf */,
				74B926D827667B32005395A0 /* Montserrat-Thin.ttf */,
				74B926CD27667B31005395A0 /* Montserrat-ThinItalic.ttf */,
			);
			path = Fonts;
			sourceTree = "<group>";
		};
		74B9271627669AFB005395A0 /* Views */ = {
			isa = PBXGroup;
			children = (
				74B927072766878B005395A0 /* AxisScrollView.swift */,
				74B9271427669789005395A0 /* LoadingView.swift */,
			);
			path = Views;
			sourceTree = "<group>";
		};
		74E0B6712725ED760090A21B = {
			isa = PBXGroup;
			children = (
				74E0B67C2725ED760090A21B /* MVVMSkeleton */,
				74E0B67B2725ED760090A21B /* Products */,
			);
			sourceTree = "<group>";
		};
		74E0B67B2725ED760090A21B /* Products */ = {
			isa = PBXGroup;
			children = (
				74E0B67A2725ED760090A21B /* MVVMSkeleton.app */,
			);
			name = Products;
			sourceTree = "<group>";
		};
		74E0B67C2725ED760090A21B /* MVVMSkeleton */ = {
			isa = PBXGroup;
			children = (
				74E0B6912725EDC90090A21B /* Application */,
				74A6FADC2753CA4600DC44DF /* BusinessLogic */,
				74A6FADD2753CA5100DC44DF /* Core */,
				74A6FADE2753CA5900DC44DF /* Presentation */,
				74E0B6922725EDD50090A21B /* Resources */,
			);
			path = MVVMSkeleton;
			sourceTree = "<group>";
		};
		74E0B6912725EDC90090A21B /* Application */ = {
			isa = PBXGroup;
			children = (
				742E3AED276AB409004CE5EF /* Configuration */,
				74E0B67D2725ED760090A21B /* AppDelegate.swift */,
				74E0B67F2725ED760090A21B /* SceneDelegate.swift */,
				74A6FAED2753CDF900DC44DF /* AppContainer.swift */,
			);
			path = Application;
			sourceTree = "<group>";
		};
		74E0B6922725EDD50090A21B /* Resources */ = {
			isa = PBXGroup;
			children = (
				74B926CC27667AE8005395A0 /* Fonts */,
				74B926C9276667C5005395A0 /* Generated */,
				74E0B68B2725ED790090A21B /* Info.plist */,
				74E0B6862725ED790090A21B /* Assets.xcassets */,
				74B926C727666795005395A0 /* Colors.xcassets */,
				74B926F427668016005395A0 /* Localizable.strings */,
			);
			path = Resources;
			sourceTree = "<group>";
		};
		74E0B6942725F2A90090A21B /* LaunchScreen */ = {
			isa = PBXGroup;
			children = (
				74E0B6882725ED790090A21B /* LaunchScreen.storyboard */,
			);
			path = LaunchScreen;
			sourceTree = "<group>";
		};
		74E0B6952725F2BA0090A21B /* SignIn */ = {
			isa = PBXGroup;
			children = (
				74B9270C276692D4005395A0 /* SignInModuleBuilder.swift */,
				74B9270D276692D4005395A0 /* SignInViewController.swift */,
				74B9270E276692D4005395A0 /* SignInView.swift */,
				74B9270F276692D4005395A0 /* SignInViewModel.swift */,
			);
			path = SignIn;
			sourceTree = "<group>";
		};
		74E0B6962725F2D80090A21B /* Home */ = {
			isa = PBXGroup;
			children = (
				7443D082274964A200B6F2B0 /* HomeModuleBuilder.swift */,
				7443D083274964A200B6F2B0 /* HomeViewController.swift */,
				7443D084274964A200B6F2B0 /* HomeViewModel.swift */,
				74B9271B27689937005395A0 /* HomeView.swift */,
			);
			path = Home;
			sourceTree = "<group>";
		};
		74E0B6972725F2E10090A21B /* Base */ = {
			isa = PBXGroup;
			children = (
				74B926FD27668594005395A0 /* BaseView.swift */,
				74E0B69C2725F3450090A21B /* BaseViewModel.swift */,
				74E0B6992725F31F0090A21B /* BaseViewController.swift */,
				74B9271927689500005395A0 /* Module.swift */,
			);
			path = Base;
			sourceTree = "<group>";
		};
		74E0B6A72725FA1C0090A21B /* Helpers */ = {
			isa = PBXGroup;
			children = (
				74E0B6AA2725FA740090A21B /* Coordinator.swift */,
				74784D302741805900C6CC92 /* ViewRepresentable.swift */,
			);
			path = Helpers;
			sourceTree = "<group>";
		};
		CE387DDA2768FCB400D35186 /* Plugins */ = {
			isa = PBXGroup;
			children = (
				CE387DDB2768FCC300D35186 /* AuthPlugin.swift */,
			);
			path = Plugins;
			sourceTree = "<group>";
		};
		CE387DDD2768FD6400D35186 /* Networking */ = {
			isa = PBXGroup;
			children = (
				CE387DDA2768FCB400D35186 /* Plugins */,
				CE387DDE2768FD7300D35186 /* DogService */,
			);
			path = Networking;
			sourceTree = "<group>";
		};
		CE387DDE2768FD7300D35186 /* DogService */ = {
			isa = PBXGroup;
			children = (
				CE387DDF2768FDA700D35186 /* DogService.swift */,
				CE387DE12768FDD700D35186 /* DogAPIRequestBuilder.swift */,
				CE387DE32768FE1B00D35186 /* DogServiceImpl.swift */,
			);
			path = DogService;
			sourceTree = "<group>";
		};
/* End PBXGroup section */

/* Begin PBXNativeTarget section */
		74E0B6792725ED760090A21B /* MVVMSkeleton */ = {
			isa = PBXNativeTarget;
			buildConfigurationList = 74E0B68E2725ED790090A21B /* Build configuration list for PBXNativeTarget "MVVMSkeleton" */;
			buildPhases = (
				74B926F127667D62005395A0 /* Swiftgen */,
				74E0B6762725ED760090A21B /* Sources */,
				74E0B6772725ED760090A21B /* Frameworks */,
				74E0B6782725ED760090A21B /* Resources */,
			);
			buildRules = (
			);
			dependencies = (
			);
			name = MVVMSkeleton;
			packageProductDependencies = (
				74784D2B2741790900C6CC92 /* CombineCocoa */,
				74784D2E27417E5D00C6CC92 /* KeyboardLayoutGuide */,
				74A6FAF62753D76900DC44DF /* KeychainAccess */,
				CE9B1412276CCC7100ECBA29 /* CombineNetworking */,
			);
			productName = MVVMSkeleton;
			productReference = 74E0B67A2725ED760090A21B /* MVVMSkeleton.app */;
			productType = "com.apple.product-type.application";
		};
/* End PBXNativeTarget section */

/* Begin PBXProject section */
		74E0B6722725ED760090A21B /* Project object */ = {
			isa = PBXProject;
			attributes = {
				LastSwiftUpdateCheck = 1250;
				LastUpgradeCheck = 1250;
				TargetAttributes = {
					74E0B6792725ED760090A21B = {
						CreatedOnToolsVersion = 12.5;
					};
				};
			};
			buildConfigurationList = 74E0B6752725ED760090A21B /* Build configuration list for PBXProject "MVVMSkeleton" */;
			compatibilityVersion = "Xcode 9.3";
			developmentRegion = en;
			hasScannedForEncodings = 0;
			knownRegions = (
				en,
				Base,
			);
			mainGroup = 74E0B6712725ED760090A21B;
			packageReferences = (
				74784D2A2741790900C6CC92 /* XCRemoteSwiftPackageReference "CombineCocoa" */,
				74784D2D27417E5D00C6CC92 /* XCRemoteSwiftPackageReference "KeyboardLayoutGuide" */,
				74A6FAF52753D76900DC44DF /* XCRemoteSwiftPackageReference "KeychainAccess" */,
				CE9B1411276CCC7100ECBA29 /* XCRemoteSwiftPackageReference "CombineNetworking" */,
			);
			productRefGroup = 74E0B67B2725ED760090A21B /* Products */;
			projectDirPath = "";
			projectRoot = "";
			targets = (
				74E0B6792725ED760090A21B /* MVVMSkeleton */,
			);
		};
/* End PBXProject section */

/* Begin PBXResourcesBuildPhase section */
		74E0B6782725ED760090A21B /* Resources */ = {
			isa = PBXResourcesBuildPhase;
			buildActionMask = 2147483647;
			files = (
				74B926ED27667B33005395A0 /* Montserrat-MediumItalic.ttf in Resources */,
				74B926E027667B33005395A0 /* Montserrat-Regular.ttf in Resources */,
				742E3AE0276AAD3A004CE5EF /* Config-DEV.xcconfig in Resources */,
				74B926E227667B33005395A0 /* Montserrat-ExtraBoldItalic.ttf in Resources */,
				74E0B68A2725ED790090A21B /* LaunchScreen.storyboard in Resources */,
				74B926F027667B33005395A0 /* Montserrat-BoldItalic.ttf in Resources */,
				74B926E927667B33005395A0 /* Montserrat-BlackItalic.ttf in Resources */,
				742E3AE4276AAD75004CE5EF /* Config-PROD.xcconfig in Resources */,
				74B926E327667B33005395A0 /* Montserrat-Light.ttf in Resources */,
				74B926EF27667B33005395A0 /* Montserrat-Italic.ttf in Resources */,
				74B926E427667B33005395A0 /* Montserrat-SemiBold.ttf in Resources */,
				74B926E627667B33005395A0 /* Montserrat-Black.ttf in Resources */,
				742E3AE2276AAD66004CE5EF /* Config-STG.xcconfig in Resources */,
				74B926E727667B33005395A0 /* Montserrat-SemiBoldItalic.ttf in Resources */,
				74B926C827666795005395A0 /* Colors.xcassets in Resources */,
				74B926E827667B33005395A0 /* Montserrat-LightItalic.ttf in Resources */,
				74B926EB27667B33005395A0 /* Montserrat-Bold.ttf in Resources */,
				74B926E527667B33005395A0 /* Montserrat-ExtraLight.ttf in Resources */,
				74B926F227668016005395A0 /* Localizable.strings in Resources */,
				74E0B6872725ED790090A21B /* Assets.xcassets in Resources */,
				74B926E127667B33005395A0 /* Montserrat-ExtraBold.ttf in Resources */,
				74B926EA27667B33005395A0 /* Montserrat-Thin.ttf in Resources */,
				74B926EE27667B33005395A0 /* Montserrat-ExtraLightItalic.ttf in Resources */,
				74B926EC27667B33005395A0 /* Montserrat-Medium.ttf in Resources */,
				74B926DF27667B33005395A0 /* Montserrat-ThinItalic.ttf in Resources */,
			);
			runOnlyForDeploymentPostprocessing = 0;
		};
/* End PBXResourcesBuildPhase section */

/* Begin PBXShellScriptBuildPhase section */
		74B926F127667D62005395A0 /* Swiftgen */ = {
			isa = PBXShellScriptBuildPhase;
			buildActionMask = 2147483647;
			files = (
			);
			inputFileListPaths = (
			);
			inputPaths = (
			);
			name = Swiftgen;
			outputFileListPaths = (
			);
			outputPaths = (
			);
			runOnlyForDeploymentPostprocessing = 0;
			shellPath = /bin/sh;
			shellScript = "if which swiftgen >/dev/null; then\n    swiftgen\nelse\n    echo \"warning: SwiftGen not installed, download from https://github.com/SwiftGen/SwiftGen\"\nfi\n";
		};
/* End PBXShellScriptBuildPhase section */

/* Begin PBXSourcesBuildPhase section */
		74E0B6762725ED760090A21B /* Sources */ = {
			isa = PBXSourcesBuildPhase;
			buildActionMask = 2147483647;
			files = (
				74784D37274182B200C6CC92 /* AuthSelectViewModel.swift in Sources */,
				74B92712276692D5005395A0 /* SignInView.swift in Sources */,
				74B926FA2766808A005395A0 /* Colors.swift in Sources */,
				74B9271C27689937005395A0 /* HomeView.swift in Sources */,
				74A6FACE275384E700DC44DF /* AppCoordinator.swift in Sources */,
				742E3AEF276AB425004CE5EF /* AppEnvironment.swift in Sources */,
				CE387DE22768FDD700D35186 /* DogAPIRequestBuilder.swift in Sources */,
				74A6FAF02753CE0200DC44DF /* UserService.swift in Sources */,
				74A6FB092753FBEF00DC44DF /* HomeCoordinator.swift in Sources */,
				74B927082766878B005395A0 /* AxisScrollView.swift in Sources */,
				74B926C227665FA2005395A0 /* AuthSelectView.swift in Sources */,
				7443D08127495DCE00B6F2B0 /* AppSettings.swift in Sources */,
				74B926CB27666A2C005395A0 /* UIView+Ext.swift in Sources */,
				74A6FAD2275385B300DC44DF /* MainTabBarCoordinator.swift in Sources */,
				74B926F92766808A005395A0 /* Assets.swift in Sources */,
				74A6FAFF2753FA3400DC44DF /* MainTabBarViewController.swift in Sources */,
				74A6FB062753FB9700DC44DF /* SettingsViewController.swift in Sources */,
				74B92713276692D5005395A0 /* SignInViewModel.swift in Sources */,
				74B926FB2766808A005395A0 /* Localization.swift in Sources */,
				74B92710276692D4005395A0 /* SignInModuleBuilder.swift in Sources */,
				74A6FB072753FB9700DC44DF /* SettingsViewModel.swift in Sources */,
				74E0B69D2725F3450090A21B /* BaseViewModel.swift in Sources */,
				7443D086274964A200B6F2B0 /* HomeViewController.swift in Sources */,
				7443D085274964A200B6F2B0 /* HomeModuleBuilder.swift in Sources */,
				7443D07F27493D7A00B6F2B0 /* AuthService.swift in Sources */,
				74A6FAEA2753CD4900DC44DF /* AppConfiguration.swift in Sources */,
				74A6FB002753FA3400DC44DF /* MainTabBarViewModel.swift in Sources */,
				CE387DE42768FE1B00D35186 /* DogServiceImpl.swift in Sources */,
				74A6FAEE2753CDF900DC44DF /* AppContainer.swift in Sources */,
				74B926C427666028005395A0 /* UIView+Constraints.swift in Sources */,
				74E0B69A2725F31F0090A21B /* BaseViewController.swift in Sources */,
				74A6FAE42753CC7600DC44DF /* UIStackView+Ext.swift in Sources */,
				74B926FC2766808A005395A0 /* Fonts.swift in Sources */,
				74A6FAD02753852C00DC44DF /* AuthCoordinator.swift in Sources */,
				74E0B67E2725ED760090A21B /* AppDelegate.swift in Sources */,
				74B926FE27668594005395A0 /* BaseView.swift in Sources */,
				CE387DE62768FEC500D35186 /* DogResponseModel.swift in Sources */,
				74A6FB0B2753FC6A00DC44DF /* SettingsCoordinator.swift in Sources */,
				74B9270527668633005395A0 /* SignUpView.swift in Sources */,
				74B9270A2766898A005395A0 /* UIEdgeInsets+Ext.swift in Sources */,
				74B9271527669789005395A0 /* LoadingView.swift in Sources */,
				74E0B6802725ED760090A21B /* SceneDelegate.swift in Sources */,
				7443D087274964A200B6F2B0 /* HomeViewModel.swift in Sources */,
				74B9271E27689A62005395A0 /* SettingsView.swift in Sources */,
				74784D35274182B200C6CC92 /* AuthSelectModuleBuilder.swift in Sources */,
				74B9271A27689500005395A0 /* Module.swift in Sources */,
				74E0B6AB2725FA740090A21B /* Coordinator.swift in Sources */,
				74B9270427668633005395A0 /* SignUpViewController.swift in Sources */,
				74784D36274182B200C6CC92 /* AuthSelectViewController.swift in Sources */,
				CE387DE02768FDA700D35186 /* DogService.swift in Sources */,
				74A6FAFE2753FA3400DC44DF /* MainTabBarModuleBuilder.swift in Sources */,
				74A6FB052753FB9700DC44DF /* SettingsModuleBuilder.swift in Sources */,
				74B92711276692D5005395A0 /* SignInViewController.swift in Sources */,
				CE387DDC2768FCC300D35186 /* AuthPlugin.swift in Sources */,
				74B9270327668633005395A0 /* SignUpModuleBuilder.swift in Sources */,
				74B9270627668633005395A0 /* SignUpViewModel.swift in Sources */,
				74784D312741805900C6CC92 /* ViewRepresentable.swift in Sources */,
			);
			runOnlyForDeploymentPostprocessing = 0;
		};
/* End PBXSourcesBuildPhase section */

/* Begin PBXVariantGroup section */
		74B926F427668016005395A0 /* Localizable.strings */ = {
			isa = PBXVariantGroup;
			children = (
				74B926F327668016005395A0 /* en */,
			);
			name = Localizable.strings;
			sourceTree = "<group>";
		};
		74E0B6882725ED790090A21B /* LaunchScreen.storyboard */ = {
			isa = PBXVariantGroup;
			children = (
				74E0B6892725ED790090A21B /* Base */,
			);
			name = LaunchScreen.storyboard;
			sourceTree = "<group>";
		};
/* End PBXVariantGroup section */

/* Begin XCBuildConfiguration section */
		742E3AE5276AAEC6004CE5EF /* Debug DEV */ = {
			isa = XCBuildConfiguration;
			baseConfigurationReference = 742E3ADF276AAD3A004CE5EF /* Config-DEV.xcconfig */;
			buildSettings = {
				ALWAYS_SEARCH_USER_PATHS = NO;
				CLANG_ANALYZER_NONNULL = YES;
				CLANG_ANALYZER_NUMBER_OBJECT_CONVERSION = YES_AGGRESSIVE;
				CLANG_CXX_LANGUAGE_STANDARD = "gnu++14";
				CLANG_CXX_LIBRARY = "libc++";
				CLANG_ENABLE_MODULES = YES;
				CLANG_ENABLE_OBJC_ARC = YES;
				CLANG_ENABLE_OBJC_WEAK = YES;
				CLANG_WARN_BLOCK_CAPTURE_AUTORELEASING = YES;
				CLANG_WARN_BOOL_CONVERSION = YES;
				CLANG_WARN_COMMA = YES;
				CLANG_WARN_CONSTANT_CONVERSION = YES;
				CLANG_WARN_DEPRECATED_OBJC_IMPLEMENTATIONS = YES;
				CLANG_WARN_DIRECT_OBJC_ISA_USAGE = YES_ERROR;
				CLANG_WARN_DOCUMENTATION_COMMENTS = YES;
				CLANG_WARN_EMPTY_BODY = YES;
				CLANG_WARN_ENUM_CONVERSION = YES;
				CLANG_WARN_INFINITE_RECURSION = YES;
				CLANG_WARN_INT_CONVERSION = YES;
				CLANG_WARN_NON_LITERAL_NULL_CONVERSION = YES;
				CLANG_WARN_OBJC_IMPLICIT_RETAIN_SELF = YES;
				CLANG_WARN_OBJC_LITERAL_CONVERSION = YES;
				CLANG_WARN_OBJC_ROOT_CLASS = YES_ERROR;
				CLANG_WARN_QUOTED_INCLUDE_IN_FRAMEWORK_HEADER = YES;
				CLANG_WARN_RANGE_LOOP_ANALYSIS = YES;
				CLANG_WARN_STRICT_PROTOTYPES = YES;
				CLANG_WARN_SUSPICIOUS_MOVE = YES;
				CLANG_WARN_UNGUARDED_AVAILABILITY = YES_AGGRESSIVE;
				CLANG_WARN_UNREACHABLE_CODE = YES;
				CLANG_WARN__DUPLICATE_METHOD_MATCH = YES;
				COPY_PHASE_STRIP = NO;
				DEBUG_INFORMATION_FORMAT = dwarf;
				ENABLE_STRICT_OBJC_MSGSEND = YES;
				ENABLE_TESTABILITY = YES;
				GCC_C_LANGUAGE_STANDARD = gnu11;
				GCC_DYNAMIC_NO_PIC = NO;
				GCC_NO_COMMON_BLOCKS = YES;
				GCC_OPTIMIZATION_LEVEL = 0;
				GCC_PREPROCESSOR_DEFINITIONS = (
					"DEBUG=1",
					"$(inherited)",
				);
				GCC_WARN_64_TO_32_BIT_CONVERSION = YES;
				GCC_WARN_ABOUT_RETURN_TYPE = YES_ERROR;
				GCC_WARN_UNDECLARED_SELECTOR = YES;
				GCC_WARN_UNINITIALIZED_AUTOS = YES_AGGRESSIVE;
				GCC_WARN_UNUSED_FUNCTION = YES;
				GCC_WARN_UNUSED_VARIABLE = YES;
				IPHONEOS_DEPLOYMENT_TARGET = 13.0;
				MTL_ENABLE_DEBUG_INFO = INCLUDE_SOURCE;
				MTL_FAST_MATH = YES;
				ONLY_ACTIVE_ARCH = YES;
				SDKROOT = iphoneos;
				SWIFT_ACTIVE_COMPILATION_CONDITIONS = DEBUG;
				SWIFT_OPTIMIZATION_LEVEL = "-Onone";
			};
			name = "Debug DEV";
		};
		742E3AE6276AAEC6004CE5EF /* Debug DEV */ = {
			isa = XCBuildConfiguration;
			baseConfigurationReference = 742E3ADF276AAD3A004CE5EF /* Config-DEV.xcconfig */;
			buildSettings = {
				ASSETCATALOG_COMPILER_APPICON_NAME = AppIcon;
				ASSETCATALOG_COMPILER_GLOBAL_ACCENT_COLOR_NAME = AccentColor;
				CODE_SIGN_STYLE = Automatic;
				DEVELOPMENT_TEAM = 63263MV7NR;
				INFOPLIST_FILE = MVVMSkeleton/Resources/Info.plist;
				IPHONEOS_DEPLOYMENT_TARGET = 13.0;
				LD_RUNPATH_SEARCH_PATHS = (
					"$(inherited)",
					"@executable_path/Frameworks",
				);
				PRODUCT_BUNDLE_IDENTIFIER = com.romansmailik.MVVMSkeleton;
				PRODUCT_NAME = "$(TARGET_NAME)";
				SWIFT_VERSION = 5.0;
				TARGETED_DEVICE_FAMILY = "1,2";
			};
			name = "Debug DEV";
		};
		742E3AE7276AAED0004CE5EF /* Release DEV */ = {
			isa = XCBuildConfiguration;
			baseConfigurationReference = 742E3ADF276AAD3A004CE5EF /* Config-DEV.xcconfig */;
			buildSettings = {
				ALWAYS_SEARCH_USER_PATHS = NO;
				CLANG_ANALYZER_NONNULL = YES;
				CLANG_ANALYZER_NUMBER_OBJECT_CONVERSION = YES_AGGRESSIVE;
				CLANG_CXX_LANGUAGE_STANDARD = "gnu++14";
				CLANG_CXX_LIBRARY = "libc++";
				CLANG_ENABLE_MODULES = YES;
				CLANG_ENABLE_OBJC_ARC = YES;
				CLANG_ENABLE_OBJC_WEAK = YES;
				CLANG_WARN_BLOCK_CAPTURE_AUTORELEASING = YES;
				CLANG_WARN_BOOL_CONVERSION = YES;
				CLANG_WARN_COMMA = YES;
				CLANG_WARN_CONSTANT_CONVERSION = YES;
				CLANG_WARN_DEPRECATED_OBJC_IMPLEMENTATIONS = YES;
				CLANG_WARN_DIRECT_OBJC_ISA_USAGE = YES_ERROR;
				CLANG_WARN_DOCUMENTATION_COMMENTS = YES;
				CLANG_WARN_EMPTY_BODY = YES;
				CLANG_WARN_ENUM_CONVERSION = YES;
				CLANG_WARN_INFINITE_RECURSION = YES;
				CLANG_WARN_INT_CONVERSION = YES;
				CLANG_WARN_NON_LITERAL_NULL_CONVERSION = YES;
				CLANG_WARN_OBJC_IMPLICIT_RETAIN_SELF = YES;
				CLANG_WARN_OBJC_LITERAL_CONVERSION = YES;
				CLANG_WARN_OBJC_ROOT_CLASS = YES_ERROR;
				CLANG_WARN_QUOTED_INCLUDE_IN_FRAMEWORK_HEADER = YES;
				CLANG_WARN_RANGE_LOOP_ANALYSIS = YES;
				CLANG_WARN_STRICT_PROTOTYPES = YES;
				CLANG_WARN_SUSPICIOUS_MOVE = YES;
				CLANG_WARN_UNGUARDED_AVAILABILITY = YES_AGGRESSIVE;
				CLANG_WARN_UNREACHABLE_CODE = YES;
				CLANG_WARN__DUPLICATE_METHOD_MATCH = YES;
				COPY_PHASE_STRIP = NO;
				DEBUG_INFORMATION_FORMAT = "dwarf-with-dsym";
				ENABLE_NS_ASSERTIONS = NO;
				ENABLE_STRICT_OBJC_MSGSEND = YES;
				GCC_C_LANGUAGE_STANDARD = gnu11;
				GCC_NO_COMMON_BLOCKS = YES;
				GCC_WARN_64_TO_32_BIT_CONVERSION = YES;
				GCC_WARN_ABOUT_RETURN_TYPE = YES_ERROR;
				GCC_WARN_UNDECLARED_SELECTOR = YES;
				GCC_WARN_UNINITIALIZED_AUTOS = YES_AGGRESSIVE;
				GCC_WARN_UNUSED_FUNCTION = YES;
				GCC_WARN_UNUSED_VARIABLE = YES;
				IPHONEOS_DEPLOYMENT_TARGET = 13.0;
				MTL_ENABLE_DEBUG_INFO = NO;
				MTL_FAST_MATH = YES;
				SDKROOT = iphoneos;
				SWIFT_COMPILATION_MODE = wholemodule;
				SWIFT_OPTIMIZATION_LEVEL = "-O";
				VALIDATE_PRODUCT = YES;
			};
			name = "Release DEV";
		};
		742E3AE8276AAED0004CE5EF /* Release DEV */ = {
			isa = XCBuildConfiguration;
			baseConfigurationReference = 742E3ADF276AAD3A004CE5EF /* Config-DEV.xcconfig */;
			buildSettings = {
				ASSETCATALOG_COMPILER_APPICON_NAME = AppIcon;
				ASSETCATALOG_COMPILER_GLOBAL_ACCENT_COLOR_NAME = AccentColor;
				CODE_SIGN_STYLE = Automatic;
				DEVELOPMENT_TEAM = 63263MV7NR;
				INFOPLIST_FILE = MVVMSkeleton/Resources/Info.plist;
				IPHONEOS_DEPLOYMENT_TARGET = 13.0;
				LD_RUNPATH_SEARCH_PATHS = (
					"$(inherited)",
					"@executable_path/Frameworks",
				);
				PRODUCT_BUNDLE_IDENTIFIER = com.romansmailik.MVVMSkeleton;
				PRODUCT_NAME = "$(TARGET_NAME)";
				SWIFT_VERSION = 5.0;
				TARGETED_DEVICE_FAMILY = "1,2";
			};
			name = "Release DEV";
		};
		742E3AE9276AAEDA004CE5EF /* Debug STG */ = {
			isa = XCBuildConfiguration;
			baseConfigurationReference = 742E3AE1276AAD66004CE5EF /* Config-STG.xcconfig */;
			buildSettings = {
				ALWAYS_SEARCH_USER_PATHS = NO;
				CLANG_ANALYZER_NONNULL = YES;
				CLANG_ANALYZER_NUMBER_OBJECT_CONVERSION = YES_AGGRESSIVE;
				CLANG_CXX_LANGUAGE_STANDARD = "gnu++14";
				CLANG_CXX_LIBRARY = "libc++";
				CLANG_ENABLE_MODULES = YES;
				CLANG_ENABLE_OBJC_ARC = YES;
				CLANG_ENABLE_OBJC_WEAK = YES;
				CLANG_WARN_BLOCK_CAPTURE_AUTORELEASING = YES;
				CLANG_WARN_BOOL_CONVERSION = YES;
				CLANG_WARN_COMMA = YES;
				CLANG_WARN_CONSTANT_CONVERSION = YES;
				CLANG_WARN_DEPRECATED_OBJC_IMPLEMENTATIONS = YES;
				CLANG_WARN_DIRECT_OBJC_ISA_USAGE = YES_ERROR;
				CLANG_WARN_DOCUMENTATION_COMMENTS = YES;
				CLANG_WARN_EMPTY_BODY = YES;
				CLANG_WARN_ENUM_CONVERSION = YES;
				CLANG_WARN_INFINITE_RECURSION = YES;
				CLANG_WARN_INT_CONVERSION = YES;
				CLANG_WARN_NON_LITERAL_NULL_CONVERSION = YES;
				CLANG_WARN_OBJC_IMPLICIT_RETAIN_SELF = YES;
				CLANG_WARN_OBJC_LITERAL_CONVERSION = YES;
				CLANG_WARN_OBJC_ROOT_CLASS = YES_ERROR;
				CLANG_WARN_QUOTED_INCLUDE_IN_FRAMEWORK_HEADER = YES;
				CLANG_WARN_RANGE_LOOP_ANALYSIS = YES;
				CLANG_WARN_STRICT_PROTOTYPES = YES;
				CLANG_WARN_SUSPICIOUS_MOVE = YES;
				CLANG_WARN_UNGUARDED_AVAILABILITY = YES_AGGRESSIVE;
				CLANG_WARN_UNREACHABLE_CODE = YES;
				CLANG_WARN__DUPLICATE_METHOD_MATCH = YES;
				COPY_PHASE_STRIP = NO;
				DEBUG_INFORMATION_FORMAT = dwarf;
				ENABLE_STRICT_OBJC_MSGSEND = YES;
				ENABLE_TESTABILITY = YES;
				GCC_C_LANGUAGE_STANDARD = gnu11;
				GCC_DYNAMIC_NO_PIC = NO;
				GCC_NO_COMMON_BLOCKS = YES;
				GCC_OPTIMIZATION_LEVEL = 0;
				GCC_PREPROCESSOR_DEFINITIONS = (
					"DEBUG=1",
					"$(inherited)",
				);
				GCC_WARN_64_TO_32_BIT_CONVERSION = YES;
				GCC_WARN_ABOUT_RETURN_TYPE = YES_ERROR;
				GCC_WARN_UNDECLARED_SELECTOR = YES;
				GCC_WARN_UNINITIALIZED_AUTOS = YES_AGGRESSIVE;
				GCC_WARN_UNUSED_FUNCTION = YES;
				GCC_WARN_UNUSED_VARIABLE = YES;
				IPHONEOS_DEPLOYMENT_TARGET = 13.0;
				MTL_ENABLE_DEBUG_INFO = INCLUDE_SOURCE;
				MTL_FAST_MATH = YES;
				ONLY_ACTIVE_ARCH = YES;
				SDKROOT = iphoneos;
				SWIFT_ACTIVE_COMPILATION_CONDITIONS = DEBUG;
				SWIFT_OPTIMIZATION_LEVEL = "-Onone";
			};
			name = "Debug STG";
		};
		742E3AEA276AAEDA004CE5EF /* Debug STG */ = {
			isa = XCBuildConfiguration;
			baseConfigurationReference = 742E3AE1276AAD66004CE5EF /* Config-STG.xcconfig */;
			buildSettings = {
				ASSETCATALOG_COMPILER_APPICON_NAME = AppIcon;
				ASSETCATALOG_COMPILER_GLOBAL_ACCENT_COLOR_NAME = AccentColor;
				CODE_SIGN_STYLE = Automatic;
				DEVELOPMENT_TEAM = 63263MV7NR;
				INFOPLIST_FILE = MVVMSkeleton/Resources/Info.plist;
				IPHONEOS_DEPLOYMENT_TARGET = 13.0;
				LD_RUNPATH_SEARCH_PATHS = (
					"$(inherited)",
					"@executable_path/Frameworks",
				);
				PRODUCT_BUNDLE_IDENTIFIER = com.romansmailik.MVVMSkeleton;
				PRODUCT_NAME = "$(TARGET_NAME)";
				SWIFT_VERSION = 5.0;
				TARGETED_DEVICE_FAMILY = "1,2";
			};
			name = "Debug STG";
		};
		742E3AEB276AAEE2004CE5EF /* Release STG */ = {
			isa = XCBuildConfiguration;
			baseConfigurationReference = 742E3AE1276AAD66004CE5EF /* Config-STG.xcconfig */;
			buildSettings = {
				ALWAYS_SEARCH_USER_PATHS = NO;
				CLANG_ANALYZER_NONNULL = YES;
				CLANG_ANALYZER_NUMBER_OBJECT_CONVERSION = YES_AGGRESSIVE;
				CLANG_CXX_LANGUAGE_STANDARD = "gnu++14";
				CLANG_CXX_LIBRARY = "libc++";
				CLANG_ENABLE_MODULES = YES;
				CLANG_ENABLE_OBJC_ARC = YES;
				CLANG_ENABLE_OBJC_WEAK = YES;
				CLANG_WARN_BLOCK_CAPTURE_AUTORELEASING = YES;
				CLANG_WARN_BOOL_CONVERSION = YES;
				CLANG_WARN_COMMA = YES;
				CLANG_WARN_CONSTANT_CONVERSION = YES;
				CLANG_WARN_DEPRECATED_OBJC_IMPLEMENTATIONS = YES;
				CLANG_WARN_DIRECT_OBJC_ISA_USAGE = YES_ERROR;
				CLANG_WARN_DOCUMENTATION_COMMENTS = YES;
				CLANG_WARN_EMPTY_BODY = YES;
				CLANG_WARN_ENUM_CONVERSION = YES;
				CLANG_WARN_INFINITE_RECURSION = YES;
				CLANG_WARN_INT_CONVERSION = YES;
				CLANG_WARN_NON_LITERAL_NULL_CONVERSION = YES;
				CLANG_WARN_OBJC_IMPLICIT_RETAIN_SELF = YES;
				CLANG_WARN_OBJC_LITERAL_CONVERSION = YES;
				CLANG_WARN_OBJC_ROOT_CLASS = YES_ERROR;
				CLANG_WARN_QUOTED_INCLUDE_IN_FRAMEWORK_HEADER = YES;
				CLANG_WARN_RANGE_LOOP_ANALYSIS = YES;
				CLANG_WARN_STRICT_PROTOTYPES = YES;
				CLANG_WARN_SUSPICIOUS_MOVE = YES;
				CLANG_WARN_UNGUARDED_AVAILABILITY = YES_AGGRESSIVE;
				CLANG_WARN_UNREACHABLE_CODE = YES;
				CLANG_WARN__DUPLICATE_METHOD_MATCH = YES;
				COPY_PHASE_STRIP = NO;
				DEBUG_INFORMATION_FORMAT = "dwarf-with-dsym";
				ENABLE_NS_ASSERTIONS = NO;
				ENABLE_STRICT_OBJC_MSGSEND = YES;
				GCC_C_LANGUAGE_STANDARD = gnu11;
				GCC_NO_COMMON_BLOCKS = YES;
				GCC_WARN_64_TO_32_BIT_CONVERSION = YES;
				GCC_WARN_ABOUT_RETURN_TYPE = YES_ERROR;
				GCC_WARN_UNDECLARED_SELECTOR = YES;
				GCC_WARN_UNINITIALIZED_AUTOS = YES_AGGRESSIVE;
				GCC_WARN_UNUSED_FUNCTION = YES;
				GCC_WARN_UNUSED_VARIABLE = YES;
				IPHONEOS_DEPLOYMENT_TARGET = 13.0;
				MTL_ENABLE_DEBUG_INFO = NO;
				MTL_FAST_MATH = YES;
				SDKROOT = iphoneos;
				SWIFT_COMPILATION_MODE = wholemodule;
				SWIFT_OPTIMIZATION_LEVEL = "-O";
				VALIDATE_PRODUCT = YES;
			};
			name = "Release STG";
		};
		742E3AEC276AAEE2004CE5EF /* Release STG */ = {
			isa = XCBuildConfiguration;
			baseConfigurationReference = 742E3AE1276AAD66004CE5EF /* Config-STG.xcconfig */;
			buildSettings = {
				ASSETCATALOG_COMPILER_APPICON_NAME = AppIcon;
				ASSETCATALOG_COMPILER_GLOBAL_ACCENT_COLOR_NAME = AccentColor;
				CODE_SIGN_STYLE = Automatic;
				DEVELOPMENT_TEAM = 63263MV7NR;
				INFOPLIST_FILE = MVVMSkeleton/Resources/Info.plist;
				IPHONEOS_DEPLOYMENT_TARGET = 13.0;
				LD_RUNPATH_SEARCH_PATHS = (
					"$(inherited)",
					"@executable_path/Frameworks",
				);
				PRODUCT_BUNDLE_IDENTIFIER = com.romansmailik.MVVMSkeleton;
				PRODUCT_NAME = "$(TARGET_NAME)";
				SWIFT_VERSION = 5.0;
				TARGETED_DEVICE_FAMILY = "1,2";
			};
			name = "Release STG";
		};
		74E0B68C2725ED790090A21B /* Debug */ = {
			isa = XCBuildConfiguration;
			baseConfigurationReference = 742E3AE3276AAD75004CE5EF /* Config-PROD.xcconfig */;
			buildSettings = {
				ALWAYS_SEARCH_USER_PATHS = NO;
				CLANG_ANALYZER_NONNULL = YES;
				CLANG_ANALYZER_NUMBER_OBJECT_CONVERSION = YES_AGGRESSIVE;
				CLANG_CXX_LANGUAGE_STANDARD = "gnu++14";
				CLANG_CXX_LIBRARY = "libc++";
				CLANG_ENABLE_MODULES = YES;
				CLANG_ENABLE_OBJC_ARC = YES;
				CLANG_ENABLE_OBJC_WEAK = YES;
				CLANG_WARN_BLOCK_CAPTURE_AUTORELEASING = YES;
				CLANG_WARN_BOOL_CONVERSION = YES;
				CLANG_WARN_COMMA = YES;
				CLANG_WARN_CONSTANT_CONVERSION = YES;
				CLANG_WARN_DEPRECATED_OBJC_IMPLEMENTATIONS = YES;
				CLANG_WARN_DIRECT_OBJC_ISA_USAGE = YES_ERROR;
				CLANG_WARN_DOCUMENTATION_COMMENTS = YES;
				CLANG_WARN_EMPTY_BODY = YES;
				CLANG_WARN_ENUM_CONVERSION = YES;
				CLANG_WARN_INFINITE_RECURSION = YES;
				CLANG_WARN_INT_CONVERSION = YES;
				CLANG_WARN_NON_LITERAL_NULL_CONVERSION = YES;
				CLANG_WARN_OBJC_IMPLICIT_RETAIN_SELF = YES;
				CLANG_WARN_OBJC_LITERAL_CONVERSION = YES;
				CLANG_WARN_OBJC_ROOT_CLASS = YES_ERROR;
				CLANG_WARN_QUOTED_INCLUDE_IN_FRAMEWORK_HEADER = YES;
				CLANG_WARN_RANGE_LOOP_ANALYSIS = YES;
				CLANG_WARN_STRICT_PROTOTYPES = YES;
				CLANG_WARN_SUSPICIOUS_MOVE = YES;
				CLANG_WARN_UNGUARDED_AVAILABILITY = YES_AGGRESSIVE;
				CLANG_WARN_UNREACHABLE_CODE = YES;
				CLANG_WARN__DUPLICATE_METHOD_MATCH = YES;
				COPY_PHASE_STRIP = NO;
				DEBUG_INFORMATION_FORMAT = dwarf;
				ENABLE_STRICT_OBJC_MSGSEND = YES;
				ENABLE_TESTABILITY = YES;
				GCC_C_LANGUAGE_STANDARD = gnu11;
				GCC_DYNAMIC_NO_PIC = NO;
				GCC_NO_COMMON_BLOCKS = YES;
				GCC_OPTIMIZATION_LEVEL = 0;
				GCC_PREPROCESSOR_DEFINITIONS = (
					"DEBUG=1",
					"$(inherited)",
				);
				GCC_WARN_64_TO_32_BIT_CONVERSION = YES;
				GCC_WARN_ABOUT_RETURN_TYPE = YES_ERROR;
				GCC_WARN_UNDECLARED_SELECTOR = YES;
				GCC_WARN_UNINITIALIZED_AUTOS = YES_AGGRESSIVE;
				GCC_WARN_UNUSED_FUNCTION = YES;
				GCC_WARN_UNUSED_VARIABLE = YES;
				IPHONEOS_DEPLOYMENT_TARGET = 13.0;
				MTL_ENABLE_DEBUG_INFO = INCLUDE_SOURCE;
				MTL_FAST_MATH = YES;
				ONLY_ACTIVE_ARCH = YES;
				SDKROOT = iphoneos;
				SWIFT_ACTIVE_COMPILATION_CONDITIONS = DEBUG;
				SWIFT_OPTIMIZATION_LEVEL = "-Onone";
			};
			name = Debug;
		};
		74E0B68D2725ED790090A21B /* Release */ = {
			isa = XCBuildConfiguration;
			baseConfigurationReference = 742E3AE3276AAD75004CE5EF /* Config-PROD.xcconfig */;
			buildSettings = {
				ALWAYS_SEARCH_USER_PATHS = NO;
				CLANG_ANALYZER_NONNULL = YES;
				CLANG_ANALYZER_NUMBER_OBJECT_CONVERSION = YES_AGGRESSIVE;
				CLANG_CXX_LANGUAGE_STANDARD = "gnu++14";
				CLANG_CXX_LIBRARY = "libc++";
				CLANG_ENABLE_MODULES = YES;
				CLANG_ENABLE_OBJC_ARC = YES;
				CLANG_ENABLE_OBJC_WEAK = YES;
				CLANG_WARN_BLOCK_CAPTURE_AUTORELEASING = YES;
				CLANG_WARN_BOOL_CONVERSION = YES;
				CLANG_WARN_COMMA = YES;
				CLANG_WARN_CONSTANT_CONVERSION = YES;
				CLANG_WARN_DEPRECATED_OBJC_IMPLEMENTATIONS = YES;
				CLANG_WARN_DIRECT_OBJC_ISA_USAGE = YES_ERROR;
				CLANG_WARN_DOCUMENTATION_COMMENTS = YES;
				CLANG_WARN_EMPTY_BODY = YES;
				CLANG_WARN_ENUM_CONVERSION = YES;
				CLANG_WARN_INFINITE_RECURSION = YES;
				CLANG_WARN_INT_CONVERSION = YES;
				CLANG_WARN_NON_LITERAL_NULL_CONVERSION = YES;
				CLANG_WARN_OBJC_IMPLICIT_RETAIN_SELF = YES;
				CLANG_WARN_OBJC_LITERAL_CONVERSION = YES;
				CLANG_WARN_OBJC_ROOT_CLASS = YES_ERROR;
				CLANG_WARN_QUOTED_INCLUDE_IN_FRAMEWORK_HEADER = YES;
				CLANG_WARN_RANGE_LOOP_ANALYSIS = YES;
				CLANG_WARN_STRICT_PROTOTYPES = YES;
				CLANG_WARN_SUSPICIOUS_MOVE = YES;
				CLANG_WARN_UNGUARDED_AVAILABILITY = YES_AGGRESSIVE;
				CLANG_WARN_UNREACHABLE_CODE = YES;
				CLANG_WARN__DUPLICATE_METHOD_MATCH = YES;
				COPY_PHASE_STRIP = NO;
				DEBUG_INFORMATION_FORMAT = "dwarf-with-dsym";
				ENABLE_NS_ASSERTIONS = NO;
				ENABLE_STRICT_OBJC_MSGSEND = YES;
				GCC_C_LANGUAGE_STANDARD = gnu11;
				GCC_NO_COMMON_BLOCKS = YES;
				GCC_WARN_64_TO_32_BIT_CONVERSION = YES;
				GCC_WARN_ABOUT_RETURN_TYPE = YES_ERROR;
				GCC_WARN_UNDECLARED_SELECTOR = YES;
				GCC_WARN_UNINITIALIZED_AUTOS = YES_AGGRESSIVE;
				GCC_WARN_UNUSED_FUNCTION = YES;
				GCC_WARN_UNUSED_VARIABLE = YES;
				IPHONEOS_DEPLOYMENT_TARGET = 13.0;
				MTL_ENABLE_DEBUG_INFO = NO;
				MTL_FAST_MATH = YES;
				SDKROOT = iphoneos;
				SWIFT_COMPILATION_MODE = wholemodule;
				SWIFT_OPTIMIZATION_LEVEL = "-O";
				VALIDATE_PRODUCT = YES;
			};
			name = Release;
		};
		74E0B68F2725ED790090A21B /* Debug */ = {
			isa = XCBuildConfiguration;
			baseConfigurationReference = 742E3AE3276AAD75004CE5EF /* Config-PROD.xcconfig */;
			buildSettings = {
				ASSETCATALOG_COMPILER_APPICON_NAME = AppIcon;
				ASSETCATALOG_COMPILER_GLOBAL_ACCENT_COLOR_NAME = AccentColor;
				CODE_SIGN_STYLE = Automatic;
				DEVELOPMENT_TEAM = 63263MV7NR;
				INFOPLIST_FILE = MVVMSkeleton/Resources/Info.plist;
				IPHONEOS_DEPLOYMENT_TARGET = 13.0;
				LD_RUNPATH_SEARCH_PATHS = (
					"$(inherited)",
					"@executable_path/Frameworks",
				);
				PRODUCT_BUNDLE_IDENTIFIER = com.romansmailik.MVVMSkeleton;
				PRODUCT_NAME = "$(TARGET_NAME)";
				SWIFT_VERSION = 5.0;
				TARGETED_DEVICE_FAMILY = "1,2";
			};
			name = Debug;
		};
		74E0B6902725ED790090A21B /* Release */ = {
			isa = XCBuildConfiguration;
			baseConfigurationReference = 742E3AE3276AAD75004CE5EF /* Config-PROD.xcconfig */;
			buildSettings = {
				ASSETCATALOG_COMPILER_APPICON_NAME = AppIcon;
				ASSETCATALOG_COMPILER_GLOBAL_ACCENT_COLOR_NAME = AccentColor;
				CODE_SIGN_STYLE = Automatic;
				DEVELOPMENT_TEAM = 63263MV7NR;
				INFOPLIST_FILE = MVVMSkeleton/Resources/Info.plist;
				IPHONEOS_DEPLOYMENT_TARGET = 13.0;
				LD_RUNPATH_SEARCH_PATHS = (
					"$(inherited)",
					"@executable_path/Frameworks",
				);
				PRODUCT_BUNDLE_IDENTIFIER = com.romansmailik.MVVMSkeleton;
				PRODUCT_NAME = "$(TARGET_NAME)";
				SWIFT_VERSION = 5.0;
				TARGETED_DEVICE_FAMILY = "1,2";
			};
			name = Release;
		};
/* End XCBuildConfiguration section */

/* Begin XCConfigurationList section */
		74E0B6752725ED760090A21B /* Build configuration list for PBXProject "MVVMSkeleton" */ = {
			isa = XCConfigurationList;
			buildConfigurations = (
				74E0B68C2725ED790090A21B /* Debug */,
				742E3AE9276AAEDA004CE5EF /* Debug STG */,
				742E3AE5276AAEC6004CE5EF /* Debug DEV */,
				74E0B68D2725ED790090A21B /* Release */,
				742E3AEB276AAEE2004CE5EF /* Release STG */,
				742E3AE7276AAED0004CE5EF /* Release DEV */,
			);
			defaultConfigurationIsVisible = 0;
			defaultConfigurationName = Release;
		};
		74E0B68E2725ED790090A21B /* Build configuration list for PBXNativeTarget "MVVMSkeleton" */ = {
			isa = XCConfigurationList;
			buildConfigurations = (
				74E0B68F2725ED790090A21B /* Debug */,
				742E3AEA276AAEDA004CE5EF /* Debug STG */,
				742E3AE6276AAEC6004CE5EF /* Debug DEV */,
				74E0B6902725ED790090A21B /* Release */,
				742E3AEC276AAEE2004CE5EF /* Release STG */,
				742E3AE8276AAED0004CE5EF /* Release DEV */,
			);
			defaultConfigurationIsVisible = 0;
			defaultConfigurationName = Release;
		};
/* End XCConfigurationList section */

/* Begin XCRemoteSwiftPackageReference section */
		74784D2A2741790900C6CC92 /* XCRemoteSwiftPackageReference "CombineCocoa" */ = {
			isa = XCRemoteSwiftPackageReference;
			repositoryURL = "https://github.com/CombineCommunity/CombineCocoa.git";
			requirement = {
				kind = upToNextMajorVersion;
				minimumVersion = 0.4.0;
			};
		};
		74784D2D27417E5D00C6CC92 /* XCRemoteSwiftPackageReference "KeyboardLayoutGuide" */ = {
			isa = XCRemoteSwiftPackageReference;
			repositoryURL = "https://github.com/freshOS/KeyboardLayoutGuide";
			requirement = {
				kind = upToNextMajorVersion;
				minimumVersion = 1.0.0;
			};
		};
		74A6FAF52753D76900DC44DF /* XCRemoteSwiftPackageReference "KeychainAccess" */ = {
			isa = XCRemoteSwiftPackageReference;
			repositoryURL = "https://github.com/kishikawakatsumi/KeychainAccess";
			requirement = {
				kind = upToNextMajorVersion;
				minimumVersion = 4.0.0;
			};
		};
		CE9B1411276CCC7100ECBA29 /* XCRemoteSwiftPackageReference "CombineNetworking" */ = {
			isa = XCRemoteSwiftPackageReference;
			repositoryURL = "https://github.com/kvasnetskyi/CombineNetworking";
			requirement = {
				kind = upToNextMajorVersion;
				minimumVersion = 0.1.0;
			};
		};
/* End XCRemoteSwiftPackageReference section */

/* Begin XCSwiftPackageProductDependency section */
		74784D2B2741790900C6CC92 /* CombineCocoa */ = {
			isa = XCSwiftPackageProductDependency;
			package = 74784D2A2741790900C6CC92 /* XCRemoteSwiftPackageReference "CombineCocoa" */;
			productName = CombineCocoa;
		};
		74784D2E27417E5D00C6CC92 /* KeyboardLayoutGuide */ = {
			isa = XCSwiftPackageProductDependency;
			package = 74784D2D27417E5D00C6CC92 /* XCRemoteSwiftPackageReference "KeyboardLayoutGuide" */;
			productName = KeyboardLayoutGuide;
		};
		74A6FAF62753D76900DC44DF /* KeychainAccess */ = {
			isa = XCSwiftPackageProductDependency;
			package = 74A6FAF52753D76900DC44DF /* XCRemoteSwiftPackageReference "KeychainAccess" */;
			productName = KeychainAccess;
		};
		CE9B1412276CCC7100ECBA29 /* CombineNetworking */ = {
			isa = XCSwiftPackageProductDependency;
			package = CE9B1411276CCC7100ECBA29 /* XCRemoteSwiftPackageReference "CombineNetworking" */;
			productName = CombineNetworking;
		};
/* End XCSwiftPackageProductDependency section */
	};
	rootObject = 74E0B6722725ED760090A21B /* Project object */;
}
